
Microsoft Visual Studio Solution File, Format Version 12.00
# Visual Studio 15
VisualStudioVersion = 15.0.28307.572
MinimumVisualStudioVersion = 10.0.40219.1
Project("{D2ABAB84-BF74-430A-B69E-9DC6D40DDA17}") = "Cube", "Cube\Cube.dwproj", "{893B87BC-0ACF-47A8-B6EA-43690C62376E}"
EndProject
Global
	GlobalSection(SolutionConfigurationPlatforms) = preSolution
		Development|Default = Development|Default
	EndGlobalSection
	GlobalSection(ProjectConfigurationPlatforms) = postSolution
		{893B87BC-0ACF-47A8-B6EA-43690C62376E}.Development|Default.ActiveCfg = Development
		{893B87BC-0ACF-47A8-B6EA-43690C62376E}.Development|Default.Build.0 = Development
		{893B87BC-0ACF-47A8-B6EA-43690C62376E}.Development|Default.Deploy.0 = Development
	EndGlobalSection
	GlobalSection(SolutionProperties) = preSolution
		HideSolutionNode = FALSE
	EndGlobalSection
	GlobalSection(ExtensibilityGlobals) = postSolution
		SolutionGuid = {543C0ACC-87AF-4009-86A3-B35FD042DD8A}
	EndGlobalSection
EndGlobal
